# THIS IS AN AUTOGENERATED FILE. DO NOT EDIT THIS FILE DIRECTLY.
# yarn lockfile v1


"@esbuild/aix-ppc64@0.19.11":
  version "0.19.11"
  resolved "https://registry.npmmirror.com/@esbuild/aix-ppc64/-/aix-ppc64-0.19.11.tgz#2acd20be6d4f0458bc8c784103495ff24f13b1d3"
  integrity sha512-FnzU0LyE3ySQk7UntJO4+qIiQgI7KoODnZg5xzXIrFJlKd2P2gwHsHY4927xj9y5PJmJSzULiUCWmv7iWnNa7g==

"@esbuild/android-arm64@0.19.11":
  version "0.19.11"
  resolved "https://registry.npmmirror.com/@esbuild/android-arm64/-/android-arm64-0.19.11.tgz#b45d000017385c9051a4f03e17078abb935be220"
  integrity sha512-aiu7K/5JnLj//KOnOfEZ0D90obUkRzDMyqd/wNAUQ34m4YUPVhRZpnqKV9uqDGxT7cToSDnIHsGooyIczu9T+Q==

"@esbuild/android-arm@0.19.11":
  version "0.19.11"
  resolved "https://registry.npmmirror.com/@esbuild/android-arm/-/android-arm-0.19.11.tgz#f46f55414e1c3614ac682b29977792131238164c"
  integrity sha512-5OVapq0ClabvKvQ58Bws8+wkLCV+Rxg7tUVbo9xu034Nm536QTII4YzhaFriQ7rMrorfnFKUsArD2lqKbFY4vw==

"@esbuild/android-x64@0.19.11":
  version "0.19.11"
  resolved "https://registry.npmmirror.com/@esbuild/android-x64/-/android-x64-0.19.11.tgz#bfc01e91740b82011ef503c48f548950824922b2"
  integrity sha512-eccxjlfGw43WYoY9QgB82SgGgDbibcqyDTlk3l3C0jOVHKxrjdc9CTwDUQd0vkvYg5um0OH+GpxYvp39r+IPOg==

"@esbuild/darwin-arm64@0.19.11":
  version "0.19.11"
  resolved "https://registry.npmmirror.com/@esbuild/darwin-arm64/-/darwin-arm64-0.19.11.tgz#533fb7f5a08c37121d82c66198263dcc1bed29bf"
  integrity sha512-ETp87DRWuSt9KdDVkqSoKoLFHYTrkyz2+65fj9nfXsaV3bMhTCjtQfw3y+um88vGRKRiF7erPrh/ZuIdLUIVxQ==

"@esbuild/darwin-x64@0.19.11":
  version "0.19.11"
  resolved "https://registry.npmmirror.com/@esbuild/darwin-x64/-/darwin-x64-0.19.11.tgz#62f3819eff7e4ddc656b7c6815a31cf9a1e7d98e"
  integrity sha512-fkFUiS6IUK9WYUO/+22omwetaSNl5/A8giXvQlcinLIjVkxwTLSktbF5f/kJMftM2MJp9+fXqZ5ezS7+SALp4g==

"@esbuild/freebsd-arm64@0.19.11":
  version "0.19.11"
  resolved "https://registry.npmmirror.com/@esbuild/freebsd-arm64/-/freebsd-arm64-0.19.11.tgz#d478b4195aa3ca44160272dab85ef8baf4175b4a"
  integrity sha512-lhoSp5K6bxKRNdXUtHoNc5HhbXVCS8V0iZmDvyWvYq9S5WSfTIHU2UGjcGt7UeS6iEYp9eeymIl5mJBn0yiuxA==

"@esbuild/freebsd-x64@0.19.11":
  version "0.19.11"
  resolved "https://registry.npmmirror.com/@esbuild/freebsd-x64/-/freebsd-x64-0.19.11.tgz#7bdcc1917409178257ca6a1a27fe06e797ec18a2"
  integrity sha512-JkUqn44AffGXitVI6/AbQdoYAq0TEullFdqcMY/PCUZ36xJ9ZJRtQabzMA+Vi7r78+25ZIBosLTOKnUXBSi1Kw==

"@esbuild/linux-arm64@0.19.11":
  version "0.19.11"
  resolved "https://registry.npmmirror.com/@esbuild/linux-arm64/-/linux-arm64-0.19.11.tgz#58ad4ff11685fcc735d7ff4ca759ab18fcfe4545"
  integrity sha512-LneLg3ypEeveBSMuoa0kwMpCGmpu8XQUh+mL8XXwoYZ6Be2qBnVtcDI5azSvh7vioMDhoJFZzp9GWp9IWpYoUg==

"@esbuild/linux-arm@0.19.11":
  version "0.19.11"
  resolved "https://registry.npmmirror.com/@esbuild/linux-arm/-/linux-arm-0.19.11.tgz#ce82246d873b5534d34de1e5c1b33026f35e60e3"
  integrity sha512-3CRkr9+vCV2XJbjwgzjPtO8T0SZUmRZla+UL1jw+XqHZPkPgZiyWvbDvl9rqAN8Zl7qJF0O/9ycMtjU67HN9/Q==

"@esbuild/linux-ia32@0.19.11":
  version "0.19.11"
  resolved "https://registry.npmmirror.com/@esbuild/linux-ia32/-/linux-ia32-0.19.11.tgz#cbae1f313209affc74b80f4390c4c35c6ab83fa4"
  integrity sha512-caHy++CsD8Bgq2V5CodbJjFPEiDPq8JJmBdeyZ8GWVQMjRD0sU548nNdwPNvKjVpamYYVL40AORekgfIubwHoA==

"@esbuild/linux-loong64@0.19.11":
  version "0.19.11"
  resolved "https://registry.npmmirror.com/@esbuild/linux-loong64/-/linux-loong64-0.19.11.tgz#5f32aead1c3ec8f4cccdb7ed08b166224d4e9121"
  integrity sha512-ppZSSLVpPrwHccvC6nQVZaSHlFsvCQyjnvirnVjbKSHuE5N24Yl8F3UwYUUR1UEPaFObGD2tSvVKbvR+uT1Nrg==

"@esbuild/linux-mips64el@0.19.11":
  version "0.19.11"
  resolved "https://registry.npmmirror.com/@esbuild/linux-mips64el/-/linux-mips64el-0.19.11.tgz#38eecf1cbb8c36a616261de858b3c10d03419af9"
  integrity sha512-B5x9j0OgjG+v1dF2DkH34lr+7Gmv0kzX6/V0afF41FkPMMqaQ77pH7CrhWeR22aEeHKaeZVtZ6yFwlxOKPVFyg==

"@esbuild/linux-ppc64@0.19.11":
  version "0.19.11"
  resolved "https://registry.npmmirror.com/@esbuild/linux-ppc64/-/linux-ppc64-0.19.11.tgz#9c5725a94e6ec15b93195e5a6afb821628afd912"
  integrity sha512-MHrZYLeCG8vXblMetWyttkdVRjQlQUb/oMgBNurVEnhj4YWOr4G5lmBfZjHYQHHN0g6yDmCAQRR8MUHldvvRDA==

"@esbuild/linux-riscv64@0.19.11":
  version "0.19.11"
  resolved "https://registry.npmmirror.com/@esbuild/linux-riscv64/-/linux-riscv64-0.19.11.tgz#2dc4486d474a2a62bbe5870522a9a600e2acb916"
  integrity sha512-f3DY++t94uVg141dozDu4CCUkYW+09rWtaWfnb3bqe4w5NqmZd6nPVBm+qbz7WaHZCoqXqHz5p6CM6qv3qnSSQ==

"@esbuild/linux-s390x@0.19.11":
  version "0.19.11"
  resolved "https://registry.npmmirror.com/@esbuild/linux-s390x/-/linux-s390x-0.19.11.tgz#4ad8567df48f7dd4c71ec5b1753b6f37561a65a8"
  integrity sha512-A5xdUoyWJHMMlcSMcPGVLzYzpcY8QP1RtYzX5/bS4dvjBGVxdhuiYyFwp7z74ocV7WDc0n1harxmpq2ePOjI0Q==

"@esbuild/linux-x64@0.19.11":
  version "0.19.11"
  resolved "https://registry.npmmirror.com/@esbuild/linux-x64/-/linux-x64-0.19.11.tgz#b7390c4d5184f203ebe7ddaedf073df82a658766"
  integrity sha512-grbyMlVCvJSfxFQUndw5mCtWs5LO1gUlwP4CDi4iJBbVpZcqLVT29FxgGuBJGSzyOxotFG4LoO5X+M1350zmPA==

"@esbuild/netbsd-x64@0.19.11":
  version "0.19.11"
  resolved "https://registry.npmmirror.com/@esbuild/netbsd-x64/-/netbsd-x64-0.19.11.tgz#d633c09492a1721377f3bccedb2d821b911e813d"
  integrity sha512-13jvrQZJc3P230OhU8xgwUnDeuC/9egsjTkXN49b3GcS5BKvJqZn86aGM8W9pd14Kd+u7HuFBMVtrNGhh6fHEQ==

"@esbuild/openbsd-x64@0.19.11":
  version "0.19.11"
  resolved "https://registry.npmmirror.com/@esbuild/openbsd-x64/-/openbsd-x64-0.19.11.tgz#17388c76e2f01125bf831a68c03a7ffccb65d1a2"
  integrity sha512-ysyOGZuTp6SNKPE11INDUeFVVQFrhcNDVUgSQVDzqsqX38DjhPEPATpid04LCoUr2WXhQTEZ8ct/EgJCUDpyNw==

"@esbuild/sunos-x64@0.19.11":
  version "0.19.11"
  resolved "https://registry.npmmirror.com/@esbuild/sunos-x64/-/sunos-x64-0.19.11.tgz#e320636f00bb9f4fdf3a80e548cb743370d41767"
  integrity sha512-Hf+Sad9nVwvtxy4DXCZQqLpgmRTQqyFyhT3bZ4F2XlJCjxGmRFF0Shwn9rzhOYRB61w9VMXUkxlBy56dk9JJiQ==

"@esbuild/win32-arm64@0.19.11":
  version "0.19.11"
  resolved "https://registry.npmmirror.com/@esbuild/win32-arm64/-/win32-arm64-0.19.11.tgz#c778b45a496e90b6fc373e2a2bb072f1441fe0ee"
  integrity sha512-0P58Sbi0LctOMOQbpEOvOL44Ne0sqbS0XWHMvvrg6NE5jQ1xguCSSw9jQeUk2lfrXYsKDdOe6K+oZiwKPilYPQ==

"@esbuild/win32-ia32@0.19.11":
  version "0.19.11"
  resolved "https://registry.npmmirror.com/@esbuild/win32-ia32/-/win32-ia32-0.19.11.tgz#481a65fee2e5cce74ec44823e6b09ecedcc5194c"
  integrity sha512-6YOrWS+sDJDmshdBIQU+Uoyh7pQKrdykdefC1avn76ss5c+RN6gut3LZA4E2cH5xUEp5/cA0+YxRaVtRAb0xBg==

"@esbuild/win32-x64@0.19.11":
  version "0.19.11"
  resolved "https://registry.npmjs.org/@esbuild/win32-x64/-/win32-x64-0.19.11.tgz"
  integrity sha512-vfkhltrjCAb603XaFhqhAF4LGDi2M4OrCRrFusyQ+iTLQ/o60QQXxc9cZC/FFpihBI9N1Grn6SMKVJ4KP7Fuiw==

"@serialport/binding-mock@10.2.2":
  version "10.2.2"
  resolved "https://registry.npmmirror.com/@serialport/binding-mock/-/binding-mock-10.2.2.tgz#d322a8116a97806addda13c62f50e73d16125874"
  integrity sha512-HAFzGhk9OuFMpuor7aT5G1ChPgn5qSsklTFOTUX72Rl6p0xwcSVsRtG/xaGp6bxpN7fI9D/S8THLBWbBgS6ldw==
  dependencies:
    "@serialport/bindings-interface" "^1.2.1"
    debug "^4.3.3"

"@serialport/bindings-cpp@12.0.1":
  version "12.0.1"
  resolved "https://registry.npmmirror.com/@serialport/bindings-cpp/-/bindings-cpp-12.0.1.tgz#b7588a8b3e124e7679622ce980a7d8528e9f36a3"
  integrity sha512-r2XOwY2dDvbW7dKqSPIk2gzsr6M6Qpe9+/Ngs94fNaNlcTRCV02PfaoDmRgcubpNVVcLATlxSxPTIDw12dbKOg==
  dependencies:
    "@serialport/bindings-interface" "1.2.2"
    "@serialport/parser-readline" "11.0.0"
    debug "4.3.4"
    node-addon-api "7.0.0"
    node-gyp-build "4.6.0"

"@serialport/bindings-interface@1.2.2", "@serialport/bindings-interface@^1.2.1":
  version "1.2.2"
  resolved "https://registry.npmmirror.com/@serialport/bindings-interface/-/bindings-interface-1.2.2.tgz#c4ae9c1c85e26b02293f62f37435478d90baa460"
  integrity sha512-CJaUd5bLvtM9c5dmO9rPBHPXTa9R2UwpkJ0wdh9JCYcbrPWsKz+ErvR0hBLeo7NPeiFdjFO4sonRljiw4d2XiA==

"@serialport/parser-byte-length@12.0.0":
  version "12.0.0"
  resolved "https://registry.npmmirror.com/@serialport/parser-byte-length/-/parser-byte-length-12.0.0.tgz#18b1db5d1b3b9d8e1153eb2ab3975ac5445b844a"
  integrity sha512-0ei0txFAj+s6FTiCJFBJ1T2hpKkX8Md0Pu6dqMrYoirjPskDLJRgZGLqoy3/lnU1bkvHpnJO+9oJ3PB9v8rNlg==

"@serialport/parser-cctalk@12.0.0":
  version "12.0.0"
  resolved "https://registry.npmmirror.com/@serialport/parser-cctalk/-/parser-cctalk-12.0.0.tgz#f5c573b1ad2a9eed377aea9d70d264b36ca5dd5d"
  integrity sha512-0PfLzO9t2X5ufKuBO34DQKLXrCCqS9xz2D0pfuaLNeTkyGUBv426zxoMf3rsMRodDOZNbFblu3Ae84MOQXjnZw==

"@serialport/parser-delimiter@11.0.0":
  version "11.0.0"
  resolved "https://registry.npmmirror.com/@serialport/parser-delimiter/-/parser-delimiter-11.0.0.tgz#e830c6bb49723d4446131277dc3243b502d09388"
  integrity sha512-aZLJhlRTjSmEwllLG7S4J8s8ctRAS0cbvCpO87smLvl3e4BgzbVgF6Z6zaJd3Aji2uSiYgfedCdNc4L6W+1E2g==

"@serialport/parser-delimiter@12.0.0":
  version "12.0.0"
  resolved "https://registry.npmmirror.com/@serialport/parser-delimiter/-/parser-delimiter-12.0.0.tgz#43d3687f982829cc9b48ee0b21f2de80d0f19778"
  integrity sha512-gu26tVt5lQoybhorLTPsH2j2LnX3AOP2x/34+DUSTNaUTzu2fBXw+isVjQJpUBFWu6aeQRZw5bJol5X9Gxjblw==

"@serialport/parser-inter-byte-timeout@12.0.0":
  version "12.0.0"
  resolved "https://registry.npmmirror.com/@serialport/parser-inter-byte-timeout/-/parser-inter-byte-timeout-12.0.0.tgz#1436f36fac92c950d290744e8ce56b2273a61d08"
  integrity sha512-GnCh8K0NAESfhCuXAt+FfBRz1Cf9CzIgXfp7SdMgXwrtuUnCC/yuRTUFWRvuzhYKoAo1TL0hhUo77SFHUH1T/w==

"@serialport/parser-packet-length@12.0.0":
  version "12.0.0"
  resolved "https://registry.npmmirror.com/@serialport/parser-packet-length/-/parser-packet-length-12.0.0.tgz#3b5b8b47b6971c03dbc90ba61c0b8c5ec8bb0798"
  integrity sha512-p1hiCRqvGHHLCN/8ZiPUY/G0zrxd7gtZs251n+cfNTn+87rwcdUeu9Dps3Aadx30/sOGGFL6brIRGK4l/t7MuQ==

"@serialport/parser-readline@11.0.0":
  version "11.0.0"
  resolved "https://registry.npmmirror.com/@serialport/parser-readline/-/parser-readline-11.0.0.tgz#c2c8c88e163d2abf7c0ffddbc1845336444e3454"
  integrity sha512-rRAivhRkT3YO28WjmmG4FQX6L+KMb5/ikhyylRfzWPw0nSXy97+u07peS9CbHqaNvJkMhH1locp2H36aGMOEIA==
  dependencies:
    "@serialport/parser-delimiter" "11.0.0"

"@serialport/parser-readline@12.0.0":
  version "12.0.0"
  resolved "https://registry.npmmirror.com/@serialport/parser-readline/-/parser-readline-12.0.0.tgz#50e992004d7a84d5a12e0b016adb9021d3a72fbb"
  integrity sha512-O7cywCWC8PiOMvo/gglEBfAkLjp/SENEML46BXDykfKP5mTPM46XMaX1L0waWU6DXJpBgjaL7+yX6VriVPbN4w==
  dependencies:
    "@serialport/parser-delimiter" "12.0.0"

"@serialport/parser-ready@12.0.0":
  version "12.0.0"
  resolved "https://registry.npmmirror.com/@serialport/parser-ready/-/parser-ready-12.0.0.tgz#193495e10c5a663029bce074d4f84cad173aab82"
  integrity sha512-ygDwj3O4SDpZlbrRUraoXIoIqb8sM7aMKryGjYTIF0JRnKeB1ys8+wIp0RFMdFbO62YriUDextHB5Um5cKFSWg==

"@serialport/parser-regex@12.0.0":
  version "12.0.0"
  resolved "https://registry.npmmirror.com/@serialport/parser-regex/-/parser-regex-12.0.0.tgz#ffbb2b113f3a50d7760fcdff5a4dd0f213ab8166"
  integrity sha512-dCAVh4P/pZrLcPv9NJ2mvPRBg64L5jXuiRxIlyxxdZGH4WubwXVXY/kBTihQmiAMPxbT3yshSX8f2+feqWsxqA==

"@serialport/parser-slip-encoder@12.0.0":
  version "12.0.0"
  resolved "https://registry.npmmirror.com/@serialport/parser-slip-encoder/-/parser-slip-encoder-12.0.0.tgz#362099d4cd170afe8583f1fa607176fd4fc14f1d"
  integrity sha512-0APxDGR9YvJXTRfY+uRGhzOhTpU5akSH183RUcwzN7QXh8/1jwFsFLCu0grmAUfi+fItCkR+Xr1TcNJLR13VNA==

"@serialport/parser-spacepacket@12.0.0":
  version "12.0.0"
  resolved "https://registry.npmmirror.com/@serialport/parser-spacepacket/-/parser-spacepacket-12.0.0.tgz#347e34b0221f29eb252ebd341a0acfff920ad814"
  integrity sha512-dozONxhPC/78pntuxpz/NOtVps8qIc/UZzdc/LuPvVsqCoJXiRxOg6ZtCP/W58iibJDKPZPAWPGYeZt9DJxI+Q==

"@serialport/stream@12.0.0":
  version "12.0.0"
  resolved "https://registry.npmmirror.com/@serialport/stream/-/stream-12.0.0.tgz#047f97f780d92ddfc04303cb625e0f7e5a01a2bf"
  integrity sha512-9On64rhzuqKdOQyiYLYv2lQOh3TZU/D3+IWCR5gk0alPel2nwpp4YwDEGiUBfrQZEdQ6xww0PWkzqth4wqwX3Q==
  dependencies:
    "@serialport/bindings-interface" "1.2.2"
    debug "4.3.4"

"@types/node@^20.11.4":
  version "20.11.4"
  resolved "https://registry.npmjs.org/@types/node/-/node-20.11.4.tgz"
  integrity sha512-6I0fMH8Aoy2lOejL3s4LhyIYX34DPwY8bl5xlNjBvUEk8OHrcuzsFt+Ied4LvJihbtXPM+8zUqdydfIti86v9g==
  dependencies:
    undici-types "~5.26.4"

dayjs@^1.11.10:
  version "1.11.10"
  resolved "https://registry.npmmirror.com/dayjs/-/dayjs-1.11.10.tgz#68acea85317a6e164457d6d6947564029a6a16a0"
  integrity sha512-vjAczensTgRcqDERK0SR2XMwsF/tSvnvlv6VcF2GIhg6Sx4yOIt/irsr1RDJsKiIyBzJDpCoXiWWq28MqH2cnQ==

debug@4.3.4, debug@^4.3.3:
  version "4.3.4"
  resolved "https://registry.npmmirror.com/debug/-/debug-4.3.4.tgz#1319f6579357f2338d3337d2cdd4914bb5dcc865"
  integrity sha512-PRWFHuSU3eDtQJPvnNY7Jcket1j0t5OuOsFzPPzsekD52Zl8qUfFIPEiswXqIvHWGVHOgX+7G/vCNNhehwxfkQ==
  dependencies:
    ms "2.1.2"

esbuild@^0.19.11:
  version "0.19.11"
  resolved "https://registry.npmjs.org/esbuild/-/esbuild-0.19.11.tgz"
  integrity sha512-HJ96Hev2hX/6i5cDVwcqiJBBtuo9+FeIJOtZ9W1kA5M6AMJRHUZlpYZ1/SbEwtO0ioNAW8rUooVpC/WehY2SfA==
  optionalDependencies:
    "@esbuild/aix-ppc64" "0.19.11"
    "@esbuild/android-arm" "0.19.11"
    "@esbuild/android-arm64" "0.19.11"
    "@esbuild/android-x64" "0.19.11"
    "@esbuild/darwin-arm64" "0.19.11"
    "@esbuild/darwin-x64" "0.19.11"
    "@esbuild/freebsd-arm64" "0.19.11"
    "@esbuild/freebsd-x64" "0.19.11"
    "@esbuild/linux-arm" "0.19.11"
    "@esbuild/linux-arm64" "0.19.11"
    "@esbuild/linux-ia32" "0.19.11"
    "@esbuild/linux-loong64" "0.19.11"
    "@esbuild/linux-mips64el" "0.19.11"
    "@esbuild/linux-ppc64" "0.19.11"
    "@esbuild/linux-riscv64" "0.19.11"
    "@esbuild/linux-s390x" "0.19.11"
    "@esbuild/linux-x64" "0.19.11"
    "@esbuild/netbsd-x64" "0.19.11"
    "@esbuild/openbsd-x64" "0.19.11"
    "@esbuild/sunos-x64" "0.19.11"
    "@esbuild/win32-arm64" "0.19.11"
    "@esbuild/win32-ia32" "0.19.11"
    "@esbuild/win32-x64" "0.19.11"

ms@2.1.2:
  version "2.1.2"
  resolved "https://registry.npmmirror.com/ms/-/ms-2.1.2.tgz#d09d1f357b443f493382a8eb3ccd183872ae6009"
  integrity sha512-sGkPx+VjMtmA6MX27oA4FBFELFCZZ4S4XqeGOXCv68tT+jb3vk/RyaKWP0PTKyWtmLSM0b+adUTEvbs1PEaH2w==

node-addon-api@7.0.0:
  version "7.0.0"
  resolved "https://registry.npmmirror.com/node-addon-api/-/node-addon-api-7.0.0.tgz#8136add2f510997b3b94814f4af1cce0b0e3962e"
  integrity sha512-vgbBJTS4m5/KkE16t5Ly0WW9hz46swAstv0hYYwMtbG7AznRhNyfLRe8HZAiWIpcHzoO7HxhLuBQj9rJ/Ho0ZA==

node-gyp-build@4.6.0:
  version "4.6.0"
  resolved "https://registry.npmmirror.com/node-gyp-build/-/node-gyp-build-4.6.0.tgz#0c52e4cbf54bbd28b709820ef7b6a3c2d6209055"
  integrity sha512-NTZVKn9IylLwUzaKjkas1e4u2DLNcV4rdYagA4PWdPwW87Bi7z+BznyKSRwS/761tV/lzCGXplWsiaMjLqP2zQ==

serialport@^12.0.0:
  version "12.0.0"
  resolved "https://registry.npmmirror.com/serialport/-/serialport-12.0.0.tgz#136f0976042f57a2e99e886221a2109934531602"
  integrity sha512-AmH3D9hHPFmnF/oq/rvigfiAouAKyK/TjnrkwZRYSFZxNggJxwvbAbfYrLeuvq7ktUdhuHdVdSjj852Z55R+uA==
  dependencies:
    "@serialport/binding-mock" "10.2.2"
    "@serialport/bindings-cpp" "12.0.1"
    "@serialport/parser-byte-length" "12.0.0"
    "@serialport/parser-cctalk" "12.0.0"
    "@serialport/parser-delimiter" "12.0.0"
    "@serialport/parser-inter-byte-timeout" "12.0.0"
    "@serialport/parser-packet-length" "12.0.0"
    "@serialport/parser-readline" "12.0.0"
    "@serialport/parser-ready" "12.0.0"
    "@serialport/parser-regex" "12.0.0"
    "@serialport/parser-slip-encoder" "12.0.0"
    "@serialport/parser-spacepacket" "12.0.0"
    "@serialport/stream" "12.0.0"
    debug "4.3.4"

undici-types@~5.26.4:
  version "5.26.5"
  resolved "https://registry.npmjs.org/undici-types/-/undici-types-5.26.5.tgz"
  integrity sha512-JlCMO+ehdEIKqlFxk6IfVoAUVmgz7cU7zD/h9XZ0qzeosSHmUJVOzSQvvYSYWXkFXC+IfLKSIffhv0sVZup6pA==
